NeoBundleLock molokai db8ce13b3737d3ddea8368498183d7c204a762eb
NeoBundleLock unite-colorscheme 3aa33866a183f7659594a3f6b66b2334eaebc6a0
NeoBundleLock neosnippet.vim ee1246a61bb757019fa16596a8dd1ad63c83f158
NeoBundleLock nerdtree 4f1e6ecb057fc0bac189171c1430d71ef25f6bb1
NeoBundleLock neobundle.vim 00969e5ed2c6fe5d6e7d3c843370aae9c085bd2d
NeoBundleLock unite.vim 10deba49809a0a4905a885ef36fc77d85f7f6923
